
Microsoft Visual Studio Solution File, Format Version 12.00
Project("{FAE04EC0-301F-11D3-BF4B-00C04F79EFBC}") = "MVCEmpty", "MVCEmpty\MVCEmpty.csproj", "{6CEF6AB4-31C0-4B92-B415-34A005245525}"
EndProject
Global
	GlobalSection(SolutionConfigurationPlatforms) = preSolution
		Debug|Any CPU = Debug|Any CPU
		Release|Any CPU = Release|Any CPU
	EndGlobalSection
	GlobalSection(ProjectConfigurationPlatforms) = postSolution
		{6CEF6AB4-31C0-4B92-B415-34A005245525}.Debug|Any CPU.ActiveCfg = Debug|Any CPU
		{6CEF6AB4-31C0-4B92-B415-34A005245525}.Debug|Any CPU.Build.0 = Debug|Any CPU
		{6CEF6AB4-31C0-4B92-B415-34A005245525}.Release|Any CPU.ActiveCfg = Release|Any CPU
		{6CEF6AB4-31C0-4B92-B415-34A005245525}.Release|Any CPU.Build.0 = Release|Any CPU
	EndGlobalSection
EndGlobal
